{
  "version": 4,
  "terraform_version": "1.10.1",
  "serial": 22,
  "lineage": "22e8a7f7-9f72-2b19-af44-68b370137db7",
  "outputs": {
    "cloudrun_service_url": {
      "value": "https://library-mawar-6xdzczqbrq-et.a.run.app",
      "type": "string"
    },
    "db_instance_connection_name": {
      "value": "psoyey:asia-southeast2:library-db-mawar",
      "type": "string"
    }
  },
  "resources": [
    {
      "mode": "managed",
      "type": "google_cloud_run_service",
      "name": "service",
      "provider": "provider[\"registry.terraform.io/hashicorp/google\"]",
      "instances": [
        {
          "schema_version": 1,
          "attributes": {
            "autogenerate_revision_name": false,
            "id": "locations/asia-southeast2/namespaces/psoyey/services/library-mawar",
            "location": "asia-southeast2",
            "metadata": [
              {
                "annotations": {
                  "run.googleapis.com/ingress": "all",
                  "run.googleapis.com/ingress-status": "all",
                  "run.googleapis.com/operation-id": "7e40a3e0-103b-43a6-bab1-78270a927b61",
                  "run.googleapis.com/urls": "[\"https://library-mawar-22416837039.asia-southeast2.run.app\",\"https://library-mawar-6xdzczqbrq-et.a.run.app\"]",
                  "serving.knative.dev/creator": "mawarkds@gmail.com",
                  "serving.knative.dev/lastModifier": "mawarkds@gmail.com"
                },
                "generation": 1,
                "labels": {
                  "cloud.googleapis.com/location": "asia-southeast2",
                  "run.googleapis.com/satisfiesPzs": "true"
                },
                "namespace": "psoyey",
                "resource_version": "AAYodQ8/qA8",
                "self_link": "/apis/serving.knative.dev/v1/namespaces/22416837039/services/library-mawar",
                "uid": "6780646b-56fc-48ad-9b36-7cff259fff1d"
              }
            ],
            "name": "library-mawar",
            "project": "psoyey",
            "status": [
              {
                "conditions": [
                  {
                    "message": "",
                    "reason": "",
                    "status": "True",
                    "type": "Ready"
                  },
                  {
                    "message": "",
                    "reason": "",
                    "status": "True",
                    "type": "ConfigurationsReady"
                  },
                  {
                    "message": "",
                    "reason": "",
                    "status": "True",
                    "type": "RoutesReady"
                  }
                ],
                "latest_created_revision_name": "library-mawar-00001-xbm",
                "latest_ready_revision_name": "library-mawar-00001-xbm",
                "observed_generation": 1,
                "traffic": [
                  {
                    "latest_revision": true,
                    "percent": 100,
                    "revision_name": "library-mawar-00001-xbm",
                    "tag": "",
                    "url": ""
                  }
                ],
                "url": "https://library-mawar-6xdzczqbrq-et.a.run.app"
              }
            ],
            "template": [
              {
                "metadata": [
                  {
                    "annotations": {
                      "autoscaling.knative.dev/maxScale": "3"
                    },
                    "generation": 0,
                    "labels": {
                      "run.googleapis.com/startupProbeType": "Default"
                    },
                    "name": "",
                    "namespace": "",
                    "resource_version": "",
                    "self_link": "",
                    "uid": ""
                  }
                ],
                "spec": [
                  {
                    "container_concurrency": 80,
                    "containers": [
                      {
                        "args": [],
                        "command": [],
                        "env": [],
                        "env_from": [],
                        "image": "asia-southeast2-docker.pkg.dev/psoyey/library/library:library@sha256:471dbafe1f91f88fb9bb35a4be2a134469b1ce555c7c5ff53086f630b5951d80",
                        "liveness_probe": [],
                        "name": "",
                        "ports": [
                          {
                            "container_port": 80,
                            "name": "http1",
                            "protocol": ""
                          }
                        ],
                        "resources": [
                          {
                            "limits": {
                              "cpu": "1000m",
                              "memory": "512Mi"
                            },
                            "requests": {}
                          }
                        ],
                        "startup_probe": [
                          {
                            "failure_threshold": 1,
                            "grpc": [],
                            "http_get": [],
                            "initial_delay_seconds": 0,
                            "period_seconds": 240,
                            "tcp_socket": [
                              {
                                "port": 80
                              }
                            ],
                            "timeout_seconds": 240
                          }
                        ],
                        "volume_mounts": [],
                        "working_dir": ""
                      }
                    ],
                    "service_account_name": "22416837039-compute@developer.gserviceaccount.com",
                    "serving_state": "",
                    "timeout_seconds": 300,
                    "volumes": []
                  }
                ]
              }
            ],
            "timeouts": null,
            "traffic": [
              {
                "latest_revision": true,
                "percent": 100,
                "revision_name": "",
                "tag": "",
                "url": ""
              }
            ]
          },
          "sensitive_attributes": [],
          "private": "eyJlMmJmYjczMC1lY2FhLTExZTYtOGY4OC0zNDM2M2JjN2M0YzAiOnsiY3JlYXRlIjoxMjAwMDAwMDAwMDAwLCJkZWxldGUiOjEyMDAwMDAwMDAwMDAsInVwZGF0ZSI6MTIwMDAwMDAwMDAwMH0sInNjaGVtYV92ZXJzaW9uIjoiMSJ9",
          "dependencies": [
            "google_project_service.run"
          ]
        }
      ]
    },
    {
      "mode": "managed",
      "type": "google_cloud_run_service_iam_member",
      "name": "noauth",
      "provider": "provider[\"registry.terraform.io/hashicorp/google\"]",
      "instances": [
        {
          "schema_version": 0,
          "attributes": {
            "condition": [],
            "etag": "BwYodQ+kkDo=",
            "id": "v1/projects/psoyey/locations/asia-southeast2/services/library-mawar/roles/run.invoker/allUsers",
            "location": "asia-southeast2",
            "member": "allUsers",
            "project": "psoyey",
            "role": "roles/run.invoker",
            "service": "v1/projects/psoyey/locations/asia-southeast2/services/library-mawar"
          },
          "sensitive_attributes": [],
          "private": "bnVsbA==",
          "dependencies": [
            "google_cloud_run_service.service",
            "google_project_service.run"
          ]
        }
      ]
    },
    {
      "mode": "managed",
      "type": "google_project_service",
      "name": "run",
      "provider": "provider[\"registry.terraform.io/hashicorp/google\"]",
      "instances": [
        {
          "schema_version": 0,
          "attributes": {
            "disable_dependent_services": null,
            "disable_on_destroy": true,
            "id": "psoyey/run.googleapis.com",
            "project": "psoyey",
            "service": "run.googleapis.com",
            "timeouts": null
          },
          "sensitive_attributes": [],
          "private": "eyJlMmJmYjczMC1lY2FhLTExZTYtOGY4OC0zNDM2M2JjN2M0YzAiOnsiY3JlYXRlIjoxMjAwMDAwMDAwMDAwLCJkZWxldGUiOjEyMDAwMDAwMDAwMDAsInJlYWQiOjYwMDAwMDAwMDAwMCwidXBkYXRlIjoxMjAwMDAwMDAwMDAwfX0="
        }
      ]
    },
    {
      "mode": "managed",
      "type": "google_project_service",
      "name": "sqladmin",
      "provider": "provider[\"registry.terraform.io/hashicorp/google\"]",
      "instances": [
        {
          "schema_version": 0,
          "attributes": {
            "disable_dependent_services": null,
            "disable_on_destroy": true,
            "id": "psoyey/sqladmin.googleapis.com",
            "project": "psoyey",
            "service": "sqladmin.googleapis.com",
            "timeouts": null
          },
          "sensitive_attributes": [],
          "private": "eyJlMmJmYjczMC1lY2FhLTExZTYtOGY4OC0zNDM2M2JjN2M0YzAiOnsiY3JlYXRlIjoxMjAwMDAwMDAwMDAwLCJkZWxldGUiOjEyMDAwMDAwMDAwMDAsInJlYWQiOjYwMDAwMDAwMDAwMCwidXBkYXRlIjoxMjAwMDAwMDAwMDAwfX0="
        }
      ]
    },
    {
      "mode": "managed",
      "type": "google_sql_database",
      "name": "db",
      "provider": "provider[\"registry.terraform.io/hashicorp/google\"]",
      "instances": [
        {
          "schema_version": 0,
          "attributes": {
            "charset": "utf8",
            "collation": "utf8_general_ci",
            "deletion_policy": "DELETE",
            "id": "projects/psoyey/instances/library-db-mawar/databases/crud-library",
            "instance": "library-db-mawar",
            "name": "crud-library",
            "project": "psoyey",
            "self_link": "https://sqladmin.googleapis.com/sql/v1beta4/projects/psoyey/instances/library-db-mawar/databases/crud-library",
            "timeouts": null
          },
          "sensitive_attributes": [],
          "private": "eyJlMmJmYjczMC1lY2FhLTExZTYtOGY4OC0zNDM2M2JjN2M0YzAiOnsiY3JlYXRlIjoxMjAwMDAwMDAwMDAwLCJkZWxldGUiOjEyMDAwMDAwMDAwMDAsInVwZGF0ZSI6MTIwMDAwMDAwMDAwMH19",
          "dependencies": [
            "google_project_service.sqladmin",
            "google_sql_database_instance.db_instance"
          ]
        }
      ]
    },
    {
      "mode": "managed",
      "type": "google_sql_database_instance",
      "name": "db_instance",
      "provider": "provider[\"registry.terraform.io/hashicorp/google\"]",
      "instances": [
        {
          "schema_version": 0,
          "attributes": {
            "available_maintenance_versions": [],
            "clone": [],
            "connection_name": "psoyey:asia-southeast2:library-db-mawar",
            "database_version": "MYSQL_5_7",
            "deletion_protection": true,
            "dns_name": "",
            "encryption_key_name": null,
            "first_ip_address": "34.128.123.165",
            "id": "library-db-mawar",
            "instance_type": "CLOUD_SQL_INSTANCE",
            "ip_address": [
              {
                "ip_address": "34.128.123.165",
                "time_to_retire": "",
                "type": "PRIMARY"
              }
            ],
            "maintenance_version": "MYSQL_5_7_44.R20241020.02_00",
            "master_instance_name": "",
            "name": "library-db-mawar",
            "private_ip_address": "",
            "project": "psoyey",
            "psc_service_attachment_link": "",
            "public_ip_address": "34.128.123.165",
            "region": "asia-southeast2",
            "replica_configuration": [],
            "restore_backup_context": [],
            "root_password": null,
            "self_link": "https://sqladmin.googleapis.com/sql/v1beta4/projects/psoyey/instances/library-db-mawar",
            "server_ca_cert": [
              {
                "cert": "-----BEGIN CERTIFICATE-----\nMIIDfzCCAmegAwIBAgIBADANBgkqhkiG9w0BAQsFADB3MS0wKwYDVQQuEyQzNWQ4\nZjMwZi0zYWEzLTQyNTktOTYwYS0wOTllZGY5NmQ4YjkxIzAhBgNVBAMTGkdvb2ds\nZSBDbG91ZCBTUUwgU2VydmVyIENBMRQwEgYDVQQKEwtHb29nbGUsIEluYzELMAkG\nA1UEBhMCVVMwHhcNMjQxMjA0MTcyNjAzWhcNMzQxMjAyMTcyNzAzWjB3MS0wKwYD\nVQQuEyQzNWQ4ZjMwZi0zYWEzLTQyNTktOTYwYS0wOTllZGY5NmQ4YjkxIzAhBgNV\nBAMTGkdvb2dsZSBDbG91ZCBTUUwgU2VydmVyIENBMRQwEgYDVQQKEwtHb29nbGUs\nIEluYzELMAkGA1UEBhMCVVMwggEiMA0GCSqGSIb3DQEBAQUAA4IBDwAwggEKAoIB\nAQCz8HQ78ekRwVigthUk0z1cL1Ldw4yqWs+zkt1KlZOYICEMIMSKrWMqFX2hDErn\nP9Y2fO+uZhaIjfRLUq04lygSxmwO8K5AdCT1xSnl1vSzSEQd4xdT4569NDgjSLDV\nV2HfAHEik2kQiOwnV/yZsFuFXvuoaZhq5P8vdwl/yGfmMksYen5yFkl9qPmuUBzb\neDEC4E/h29b67LKzHZguMirPGrwprS+LBAiQlR7nDl4V6PY3//fvCbqMpWvcUQUZ\nF4KNXJAfPQolVZ7KISA+Xo6RWzLjDZ+EocQFXKiUbb5ewToGAPkMEyS8hNTtLbrV\n4Jk5c0fT3kJfWuRt5g7Yf91ZAgMBAAGjFjAUMBIGA1UdEwEB/wQIMAYBAf8CAQAw\nDQYJKoZIhvcNAQELBQADggEBAEjsdBYJy5h9HNoIGVXvB4aSSmq1U8EWfmwLjuyF\nBzE/Ezxpq4pYy/6uj01kMBFJooPFbgMKAUffJ9HL/uGeKhdBLwrXXTyS5lj5pYH0\nwL4llz75/Ov4IOpg0TKjwE1UJROfiDvtbDbqTH9PV1v98EwUlIZxGkVQPM/+MHaM\nuo6k0KtpsgnxRxq1hvxN6PrI//0ViAJqKnnWtSVYLZn00GQuF/vxTfav/Pd2le0S\nMxHct70qv6Ip7g7/AjGQpnTjGeB/IwwyovoQdy17XMedwnE0nXk/gXehGkdkhW44\n3EsxsmvXkwO6j8WnYGt6Ul/YHcR35dNhVyNTbYWnL7EWtwQ=\n-----END CERTIFICATE-----",
                "common_name": "C=US,O=Google\\, Inc,CN=Google Cloud SQL Server CA,dnQualifier=35d8f30f-3aa3-4259-960a-099edf96d8b9",
                "create_time": "2024-12-04T17:26:03.409Z",
                "expiration_time": "2034-12-02T17:27:03.409Z",
                "sha1_fingerprint": "a1613218af2e303232def1bc8443b548dc8c4f2c"
              }
            ],
            "service_account_email_address": "p22416837039-6viuce@gcp-sa-cloud-sql.iam.gserviceaccount.com",
            "settings": [
              {
                "activation_policy": "ALWAYS",
                "active_directory_config": [],
                "advanced_machine_features": [],
                "availability_type": "ZONAL",
                "backup_configuration": [
                  {
                    "backup_retention_settings": [
                      {
                        "retained_backups": 7,
                        "retention_unit": "COUNT"
                      }
                    ],
                    "binary_log_enabled": false,
                    "enabled": false,
                    "location": "",
                    "point_in_time_recovery_enabled": false,
                    "start_time": "14:00",
                    "transaction_log_retention_days": 7
                  }
                ],
                "collation": "",
                "connector_enforcement": "NOT_REQUIRED",
                "data_cache_config": [],
                "database_flags": [],
                "deletion_protection_enabled": false,
                "deny_maintenance_period": [],
                "disk_autoresize": true,
                "disk_autoresize_limit": 0,
                "disk_size": 10,
                "disk_type": "PD_SSD",
                "edition": "",
                "insights_config": [],
                "ip_configuration": [
                  {
                    "allocated_ip_range": "",
                    "authorized_networks": [
                      {
                        "expiration_time": "",
                        "name": "all",
                        "value": "0.0.0.0/0"
                      }
                    ],
                    "enable_private_path_for_google_cloud_services": false,
                    "ipv4_enabled": true,
                    "private_network": "",
                    "psc_config": [],
                    "require_ssl": false
                  }
                ],
                "location_preference": [
                  {
                    "follow_gae_application": "",
                    "secondary_zone": "",
                    "zone": "asia-southeast2-a"
                  }
                ],
                "maintenance_window": [],
                "password_validation_policy": [],
                "pricing_plan": "PER_USE",
                "sql_server_audit_config": [],
                "tier": "db-f1-micro",
                "time_zone": "",
                "user_labels": {},
                "version": 3
              }
            ],
            "timeouts": null
          },
          "sensitive_attributes": [
            [
              {
                "type": "get_attr",
                "value": "root_password"
              }
            ]
          ],
          "private": "eyJlMmJmYjczMC1lY2FhLTExZTYtOGY4OC0zNDM2M2JjN2M0YzAiOnsiY3JlYXRlIjoyNDAwMDAwMDAwMDAwLCJkZWxldGUiOjE4MDAwMDAwMDAwMDAsInVwZGF0ZSI6MTgwMDAwMDAwMDAwMH19",
          "dependencies": [
            "google_project_service.sqladmin"
          ]
        }
      ]
    },
    {
      "mode": "managed",
      "type": "google_sql_user",
      "name": "users",
      "provider": "provider[\"registry.terraform.io/hashicorp/google\"]",
      "instances": [
        {
          "schema_version": 1,
          "attributes": {
            "deletion_policy": null,
            "host": "",
            "id": "groot//library-db-mawar",
            "instance": "library-db-mawar",
            "name": "groot",
            "password": "supersecretpassword",
            "password_policy": [],
            "project": "psoyey",
            "sql_server_user_details": [],
            "timeouts": null,
            "type": ""
          },
          "sensitive_attributes": [
            [
              {
                "type": "get_attr",
                "value": "password"
              }
            ]
          ],
          "private": "eyJlMmJmYjczMC1lY2FhLTExZTYtOGY4OC0zNDM2M2JjN2M0YzAiOnsiY3JlYXRlIjo2MDAwMDAwMDAwMDAsImRlbGV0ZSI6NjAwMDAwMDAwMDAwLCJ1cGRhdGUiOjYwMDAwMDAwMDAwMH0sInNjaGVtYV92ZXJzaW9uIjoiMSJ9",
          "dependencies": [
            "google_project_service.sqladmin",
            "google_sql_database_instance.db_instance"
          ]
        }
      ]
    }
  ],
  "check_results": null
}
