{
  "version": 4,
  "terraform_version": "1.5.7",
  "serial": 9,
  "lineage": "95e924d3-fb05-35aa-b36f-4ac94bd3fa83",
  "outputs": {
    "cloudrun_service_url": {
      "value": "https://library-nida-6xdzczqbrq-et.a.run.app",
      "type": "string"
    },
    "db_instance_connection_name": {
      "value": "psoyey:asia-southeast2:library-db-nida",
      "type": "string"
    }
  },
  "resources": [
    {
      "mode": "managed",
      "type": "google_cloud_run_service",
      "name": "service",
      "provider": "provider[\"registry.terraform.io/hashicorp/google\"]",
      "instances": [
        {
          "schema_version": 1,
          "attributes": {
            "autogenerate_revision_name": false,
            "id": "locations/asia-southeast2/namespaces/psoyey/services/library-nida",
            "location": "asia-southeast2",
            "metadata": [
              {
                "annotations": {
                  "run.googleapis.com/ingress": "all",
                  "run.googleapis.com/ingress-status": "all",
                  "run.googleapis.com/operation-id": "b0e4b02e-bbd6-45c4-a4fe-42a9a7aa8d31",
                  "run.googleapis.com/urls": "[\"https://library-nida-22416837039.asia-southeast2.run.app\",\"https://library-nida-6xdzczqbrq-et.a.run.app\"]",
                  "serving.knative.dev/creator": "mbak.nid4@gmail.com",
                  "serving.knative.dev/lastModifier": "mbak.nid4@gmail.com"
                },
                "generation": 1,
                "labels": {
                  "cloud.googleapis.com/location": "asia-southeast2",
                  "run.googleapis.com/satisfiesPzs": "true"
                },
                "namespace": "psoyey",
                "resource_version": "AAYodRwATn8",
                "self_link": "/apis/serving.knative.dev/v1/namespaces/22416837039/services/library-nida",
                "uid": "63abf6f0-c60b-424f-82ee-cff19934069b"
              }
            ],
            "name": "library-nida",
            "project": "psoyey",
            "status": [
              {
                "conditions": [
                  {
                    "message": "",
                    "reason": "",
                    "status": "True",
                    "type": "Ready"
                  },
                  {
                    "message": "",
                    "reason": "",
                    "status": "True",
                    "type": "ConfigurationsReady"
                  },
                  {
                    "message": "",
                    "reason": "",
                    "status": "True",
                    "type": "RoutesReady"
                  }
                ],
                "latest_created_revision_name": "library-nida-00001-62p",
                "latest_ready_revision_name": "library-nida-00001-62p",
                "observed_generation": 1,
                "traffic": [
                  {
                    "latest_revision": true,
                    "percent": 100,
                    "revision_name": "library-nida-00001-62p",
                    "tag": "",
                    "url": ""
                  }
                ],
                "url": "https://library-nida-6xdzczqbrq-et.a.run.app"
              }
            ],
            "template": [
              {
                "metadata": [
                  {
                    "annotations": {
                      "autoscaling.knative.dev/maxScale": "3"
                    },
                    "generation": 0,
                    "labels": {
                      "run.googleapis.com/startupProbeType": "Default"
                    },
                    "name": "",
                    "namespace": "",
                    "resource_version": "",
                    "self_link": "",
                    "uid": ""
                  }
                ],
                "spec": [
                  {
                    "container_concurrency": 80,
                    "containers": [
                      {
                        "args": [],
                        "command": [],
                        "env": [],
                        "env_from": [],
                        "image": "asia-southeast2-docker.pkg.dev/psoyey/library/library:library@sha256:471dbafe1f91f88fb9bb35a4be2a134469b1ce555c7c5ff53086f630b5951d80",
                        "liveness_probe": [],
                        "name": "",
                        "ports": [
                          {
                            "container_port": 80,
                            "name": "http1",
                            "protocol": ""
                          }
                        ],
                        "resources": [
                          {
                            "limits": {
                              "cpu": "1000m",
                              "memory": "512Mi"
                            },
                            "requests": {}
                          }
                        ],
                        "startup_probe": [
                          {
                            "failure_threshold": 1,
                            "grpc": [],
                            "http_get": [],
                            "initial_delay_seconds": 0,
                            "period_seconds": 240,
                            "tcp_socket": [
                              {
                                "port": 80
                              }
                            ],
                            "timeout_seconds": 240
                          }
                        ],
                        "volume_mounts": [],
                        "working_dir": ""
                      }
                    ],
                    "service_account_name": "22416837039-compute@developer.gserviceaccount.com",
                    "serving_state": "",
                    "timeout_seconds": 300,
                    "volumes": []
                  }
                ]
              }
            ],
            "timeouts": null,
            "traffic": [
              {
                "latest_revision": true,
                "percent": 100,
                "revision_name": "",
                "tag": "",
                "url": ""
              }
            ]
          },
          "sensitive_attributes": [],
          "private": "eyJlMmJmYjczMC1lY2FhLTExZTYtOGY4OC0zNDM2M2JjN2M0YzAiOnsiY3JlYXRlIjoxMjAwMDAwMDAwMDAwLCJkZWxldGUiOjEyMDAwMDAwMDAwMDAsInVwZGF0ZSI6MTIwMDAwMDAwMDAwMH0sInNjaGVtYV92ZXJzaW9uIjoiMSJ9",
          "dependencies": [
            "google_project_service.run"
          ]
        }
      ]
    },
    {
      "mode": "managed",
      "type": "google_cloud_run_service_iam_member",
      "name": "noauth",
      "provider": "provider[\"registry.terraform.io/hashicorp/google\"]",
      "instances": [
        {
          "schema_version": 0,
          "attributes": {
            "condition": [],
            "etag": "BwYodRxBMiY=",
            "id": "v1/projects/psoyey/locations/asia-southeast2/services/library-nida/roles/run.invoker/allUsers",
            "location": "asia-southeast2",
            "member": "allUsers",
            "project": "psoyey",
            "role": "roles/run.invoker",
            "service": "v1/projects/psoyey/locations/asia-southeast2/services/library-nida"
          },
          "sensitive_attributes": [],
          "private": "bnVsbA==",
          "dependencies": [
            "google_cloud_run_service.service",
            "google_project_service.run"
          ]
        }
      ]
    },
    {
      "mode": "managed",
      "type": "google_project_service",
      "name": "run",
      "provider": "provider[\"registry.terraform.io/hashicorp/google\"]",
      "instances": [
        {
          "schema_version": 0,
          "attributes": {
            "disable_dependent_services": null,
            "disable_on_destroy": true,
            "id": "psoyey/run.googleapis.com",
            "project": "psoyey",
            "service": "run.googleapis.com",
            "timeouts": null
          },
          "sensitive_attributes": [],
          "private": "eyJlMmJmYjczMC1lY2FhLTExZTYtOGY4OC0zNDM2M2JjN2M0YzAiOnsiY3JlYXRlIjoxMjAwMDAwMDAwMDAwLCJkZWxldGUiOjEyMDAwMDAwMDAwMDAsInJlYWQiOjYwMDAwMDAwMDAwMCwidXBkYXRlIjoxMjAwMDAwMDAwMDAwfX0="
        }
      ]
    },
    {
      "mode": "managed",
      "type": "google_project_service",
      "name": "sqladmin",
      "provider": "provider[\"registry.terraform.io/hashicorp/google\"]",
      "instances": [
        {
          "schema_version": 0,
          "attributes": {
            "disable_dependent_services": null,
            "disable_on_destroy": true,
            "id": "psoyey/sqladmin.googleapis.com",
            "project": "psoyey",
            "service": "sqladmin.googleapis.com",
            "timeouts": null
          },
          "sensitive_attributes": [],
          "private": "eyJlMmJmYjczMC1lY2FhLTExZTYtOGY4OC0zNDM2M2JjN2M0YzAiOnsiY3JlYXRlIjoxMjAwMDAwMDAwMDAwLCJkZWxldGUiOjEyMDAwMDAwMDAwMDAsInJlYWQiOjYwMDAwMDAwMDAwMCwidXBkYXRlIjoxMjAwMDAwMDAwMDAwfX0="
        }
      ]
    },
    {
      "mode": "managed",
      "type": "google_sql_database",
      "name": "db",
      "provider": "provider[\"registry.terraform.io/hashicorp/google\"]",
      "instances": [
        {
          "schema_version": 0,
          "attributes": {
            "charset": "utf8",
            "collation": "utf8_general_ci",
            "deletion_policy": "DELETE",
            "id": "projects/psoyey/instances/library-db-nida/databases/crud-library",
            "instance": "library-db-nida",
            "name": "crud-library",
            "project": "psoyey",
            "self_link": "https://sqladmin.googleapis.com/sql/v1beta4/projects/psoyey/instances/library-db-nida/databases/crud-library",
            "timeouts": null
          },
          "sensitive_attributes": [],
          "private": "eyJlMmJmYjczMC1lY2FhLTExZTYtOGY4OC0zNDM2M2JjN2M0YzAiOnsiY3JlYXRlIjoxMjAwMDAwMDAwMDAwLCJkZWxldGUiOjEyMDAwMDAwMDAwMDAsInVwZGF0ZSI6MTIwMDAwMDAwMDAwMH19",
          "dependencies": [
            "google_project_service.sqladmin",
            "google_sql_database_instance.db_instance"
          ]
        }
      ]
    },
    {
      "mode": "managed",
      "type": "google_sql_database_instance",
      "name": "db_instance",
      "provider": "provider[\"registry.terraform.io/hashicorp/google\"]",
      "instances": [
        {
          "schema_version": 0,
          "attributes": {
            "available_maintenance_versions": [],
            "clone": [],
            "connection_name": "psoyey:asia-southeast2:library-db-nida",
            "database_version": "MYSQL_5_7",
            "deletion_protection": true,
            "dns_name": "",
            "encryption_key_name": null,
            "first_ip_address": "34.50.71.34",
            "id": "library-db-nida",
            "instance_type": "CLOUD_SQL_INSTANCE",
            "ip_address": [
              {
                "ip_address": "34.50.71.34",
                "time_to_retire": "",
                "type": "PRIMARY"
              }
            ],
            "maintenance_version": "MYSQL_5_7_44.R20241020.02_00",
            "master_instance_name": "",
            "name": "library-db-nida",
            "private_ip_address": "",
            "project": "psoyey",
            "psc_service_attachment_link": "",
            "public_ip_address": "34.50.71.34",
            "region": "asia-southeast2",
            "replica_configuration": [],
            "restore_backup_context": [],
            "root_password": null,
            "self_link": "https://sqladmin.googleapis.com/sql/v1beta4/projects/psoyey/instances/library-db-nida",
            "server_ca_cert": [
              {
                "cert": "-----BEGIN CERTIFICATE-----\nMIIDfzCCAmegAwIBAgIBADANBgkqhkiG9w0BAQsFADB3MS0wKwYDVQQuEyQ0YjM4\nODQzZi00ZTQ2LTQ2MjUtOTMzZi1mY2VlMzVlYzIxYzYxIzAhBgNVBAMTGkdvb2ds\nZSBDbG91ZCBTUUwgU2VydmVyIENBMRQwEgYDVQQKEwtHb29nbGUsIEluYzELMAkG\nA1UEBhMCVVMwHhcNMjQxMjA0MTcyODIyWhcNMzQxMjAyMTcyOTIyWjB3MS0wKwYD\nVQQuEyQ0YjM4ODQzZi00ZTQ2LTQ2MjUtOTMzZi1mY2VlMzVlYzIxYzYxIzAhBgNV\nBAMTGkdvb2dsZSBDbG91ZCBTUUwgU2VydmVyIENBMRQwEgYDVQQKEwtHb29nbGUs\nIEluYzELMAkGA1UEBhMCVVMwggEiMA0GCSqGSIb3DQEBAQUAA4IBDwAwggEKAoIB\nAQCtNA/5EzXCg4qjK4etPLNMbHppnF7d4cmKd7UIgGjHa933U0Xxu+Ga89sVo/Es\nc7YHAfZnqd19YhVQEIDA0UBkzVc5NemwkMum0PCwREiHTcCVfx/blFKiZrzDW7ZA\nOj0bzAcTVYCSwbUdFvc6A4wUUBssPpIXjHeKLU5FOxBLOTrvcPB02RvH1TfLooaY\nsng7vCN/XYhUDoNRxRgqXGxHgauejhOQuEkBsBLzwTKiCHW3WWMYjYWFEBpRxq0r\nsn8djvTAFcjYgb9ElTXR4ZZk5PEOmJVccoj3ou+fWjM90s2RVnSSqCF6hUqs3BgA\nhjmrJiK8mMgFs3TJkrGdX0LbAgMBAAGjFjAUMBIGA1UdEwEB/wQIMAYBAf8CAQAw\nDQYJKoZIhvcNAQELBQADggEBABb0nYK0k7Yi2yyt6WoH1COKqMo3vLO4Y7ke2NmG\nrHGGFzuYePWPJo5224uMjZTeZXDQVr/NxPeUK0Hg0KavgaG14OXYpGrl77n/m8qG\nQLpZNdqvMB/YG4sjYoQkfQBSwPBuAi6rwZOvEm8lK0lhKqomcijH4f7qpyHAvASI\n1ve5kyY7eOqrNv5DyIQ2Ho0lIUQj9XeNE5iuVTEZX+U31kUJy/a8rI9z0C4NnX9H\ntm5v3yz02Z1jGresuMbEaFPRKoEx3C9PPYKnKUi1h30NrYN87uUu3NVWyqon0XSx\nbepsJ1l/huSnx800pIH2dunxDxbe1h71TLcg5GaqmT/ffbc=\n-----END CERTIFICATE-----",
                "common_name": "C=US,O=Google\\, Inc,CN=Google Cloud SQL Server CA,dnQualifier=4b38843f-4e46-4625-933f-fcee35ec21c6",
                "create_time": "2024-12-04T17:28:22.390Z",
                "expiration_time": "2034-12-02T17:29:22.390Z",
                "sha1_fingerprint": "bf0cc47f17122812c24b6ca82d28f1ca685371c0"
              }
            ],
            "service_account_email_address": "p22416837039-pwq4ic@gcp-sa-cloud-sql.iam.gserviceaccount.com",
            "settings": [
              {
                "activation_policy": "ALWAYS",
                "active_directory_config": [],
                "advanced_machine_features": [],
                "availability_type": "ZONAL",
                "backup_configuration": [
                  {
                    "backup_retention_settings": [
                      {
                        "retained_backups": 7,
                        "retention_unit": "COUNT"
                      }
                    ],
                    "binary_log_enabled": false,
                    "enabled": false,
                    "location": "",
                    "point_in_time_recovery_enabled": false,
                    "start_time": "10:00",
                    "transaction_log_retention_days": 7
                  }
                ],
                "collation": "",
                "connector_enforcement": "NOT_REQUIRED",
                "data_cache_config": [],
                "database_flags": [],
                "deletion_protection_enabled": false,
                "deny_maintenance_period": [],
                "disk_autoresize": true,
                "disk_autoresize_limit": 0,
                "disk_size": 10,
                "disk_type": "PD_SSD",
                "edition": "",
                "insights_config": [],
                "ip_configuration": [
                  {
                    "allocated_ip_range": "",
                    "authorized_networks": [
                      {
                        "expiration_time": "",
                        "name": "all",
                        "value": "0.0.0.0/0"
                      }
                    ],
                    "enable_private_path_for_google_cloud_services": false,
                    "ipv4_enabled": true,
                    "private_network": "",
                    "psc_config": [],
                    "require_ssl": false
                  }
                ],
                "location_preference": [
                  {
                    "follow_gae_application": "",
                    "secondary_zone": "",
                    "zone": "asia-southeast2-a"
                  }
                ],
                "maintenance_window": [],
                "password_validation_policy": [],
                "pricing_plan": "PER_USE",
                "sql_server_audit_config": [],
                "tier": "db-f1-micro",
                "time_zone": "",
                "user_labels": {},
                "version": 3
              }
            ],
            "timeouts": null
          },
          "sensitive_attributes": [],
          "private": "eyJlMmJmYjczMC1lY2FhLTExZTYtOGY4OC0zNDM2M2JjN2M0YzAiOnsiY3JlYXRlIjoyNDAwMDAwMDAwMDAwLCJkZWxldGUiOjE4MDAwMDAwMDAwMDAsInVwZGF0ZSI6MTgwMDAwMDAwMDAwMH19",
          "dependencies": [
            "google_project_service.sqladmin"
          ]
        }
      ]
    },
    {
      "mode": "managed",
      "type": "google_sql_user",
      "name": "users",
      "provider": "provider[\"registry.terraform.io/hashicorp/google\"]",
      "instances": [
        {
          "schema_version": 1,
          "attributes": {
            "deletion_policy": null,
            "host": "",
            "id": "groot//library-db-nida",
            "instance": "library-db-nida",
            "name": "groot",
            "password": "supersecretpassword",
            "password_policy": [],
            "project": "psoyey",
            "sql_server_user_details": [],
            "timeouts": null,
            "type": ""
          },
          "sensitive_attributes": [],
          "private": "eyJlMmJmYjczMC1lY2FhLTExZTYtOGY4OC0zNDM2M2JjN2M0YzAiOnsiY3JlYXRlIjo2MDAwMDAwMDAwMDAsImRlbGV0ZSI6NjAwMDAwMDAwMDAwLCJ1cGRhdGUiOjYwMDAwMDAwMDAwMH0sInNjaGVtYV92ZXJzaW9uIjoiMSJ9",
          "dependencies": [
            "google_project_service.sqladmin",
            "google_sql_database_instance.db_instance"
          ]
        }
      ]
    }
  ],
  "check_results": null
}
