{
  "version": 4,
  "terraform_version": "1.10.0",
  "serial": 10,
  "lineage": "168dc04e-948f-6e93-ae0d-8dbfac434358",
  "outputs": {
    "cloudrun_service_url": {
      "value": "https://library-6xdzczqbrq-et.a.run.app",
      "type": "string"
    },
    "db_instance_connection_name": {
      "value": "psoyey:asia-southeast2:library-db",
      "type": "string"
    }
  },
  "resources": [
    {
      "mode": "managed",
      "type": "google_cloud_run_service",
      "name": "service",
      "provider": "provider[\"registry.terraform.io/hashicorp/google\"]",
      "instances": [
        {
          "schema_version": 1,
          "attributes": {
            "autogenerate_revision_name": false,
            "id": "locations/asia-southeast2/namespaces/psoyey/services/library",
            "location": "asia-southeast2",
            "metadata": [
              {
                "annotations": {
                  "run.googleapis.com/ingress": "all",
                  "run.googleapis.com/ingress-status": "all",
                  "run.googleapis.com/operation-id": "48fda07d-a4e4-49c1-9d18-902084ecfe8c",
                  "run.googleapis.com/urls": "[\"https://library-22416837039.asia-southeast2.run.app\",\"https://library-6xdzczqbrq-et.a.run.app\"]",
                  "serving.knative.dev/creator": "vaskyanabila2712@gmail.com",
                  "serving.knative.dev/lastModifier": "vaskyanabila2712@gmail.com"
                },
                "generation": 1,
                "labels": {
                  "cloud.googleapis.com/location": "asia-southeast2",
                  "run.googleapis.com/satisfiesPzs": "true"
                },
                "namespace": "psoyey",
                "resource_version": "AAYohs1UmWs",
                "self_link": "/apis/serving.knative.dev/v1/namespaces/22416837039/services/library",
                "uid": "73b42059-57b5-4037-bb33-aded27213422"
              }
            ],
            "name": "library",
            "project": "psoyey",
            "status": [
              {
                "conditions": [
                  {
                    "message": "",
                    "reason": "",
                    "status": "True",
                    "type": "Ready"
                  },
                  {
                    "message": "",
                    "reason": "",
                    "status": "True",
                    "type": "ConfigurationsReady"
                  },
                  {
                    "message": "",
                    "reason": "",
                    "status": "True",
                    "type": "RoutesReady"
                  }
                ],
                "latest_created_revision_name": "library-00001-6pz",
                "latest_ready_revision_name": "library-00001-6pz",
                "observed_generation": 1,
                "traffic": [
                  {
                    "latest_revision": true,
                    "percent": 100,
                    "revision_name": "library-00001-6pz",
                    "tag": "",
                    "url": ""
                  }
                ],
                "url": "https://library-6xdzczqbrq-et.a.run.app"
              }
            ],
            "template": [
              {
                "metadata": [
                  {
                    "annotations": {
                      "autoscaling.knative.dev/maxScale": "3"
                    },
                    "generation": 0,
                    "labels": {
                      "run.googleapis.com/startupProbeType": "Default"
                    },
                    "name": "",
                    "namespace": "",
                    "resource_version": "",
                    "self_link": "",
                    "uid": ""
                  }
                ],
                "spec": [
                  {
                    "container_concurrency": 80,
                    "containers": [
                      {
                        "args": null,
                        "command": null,
                        "env": [],
                        "env_from": [],
                        "image": "asia-southeast2-docker.pkg.dev/psoyey/library/library:latest",
                        "liveness_probe": [],
                        "name": "",
                        "ports": [
                          {
                            "container_port": 80,
                            "name": "http1",
                            "protocol": ""
                          }
                        ],
                        "resources": [
                          {
                            "limits": {
                              "cpu": "1000m",
                              "memory": "512Mi"
                            },
                            "requests": {}
                          }
                        ],
                        "startup_probe": [
                          {
                            "failure_threshold": 1,
                            "grpc": [],
                            "http_get": [],
                            "initial_delay_seconds": 0,
                            "period_seconds": 240,
                            "tcp_socket": [
                              {
                                "port": 80
                              }
                            ],
                            "timeout_seconds": 240
                          }
                        ],
                        "volume_mounts": [],
                        "working_dir": ""
                      }
                    ],
                    "service_account_name": "22416837039-compute@developer.gserviceaccount.com",
                    "serving_state": "",
                    "timeout_seconds": 300,
                    "volumes": []
                  }
                ]
              }
            ],
            "timeouts": null,
            "traffic": [
              {
                "latest_revision": true,
                "percent": 100,
                "revision_name": "",
                "tag": "",
                "url": ""
              }
            ]
          },
          "sensitive_attributes": [],
          "private": "eyJlMmJmYjczMC1lY2FhLTExZTYtOGY4OC0zNDM2M2JjN2M0YzAiOnsiY3JlYXRlIjoxMjAwMDAwMDAwMDAwLCJkZWxldGUiOjEyMDAwMDAwMDAwMDAsInVwZGF0ZSI6MTIwMDAwMDAwMDAwMH0sInNjaGVtYV92ZXJzaW9uIjoiMSJ9",
          "dependencies": [
            "google_project_service.run"
          ]
        }
      ]
    },
    {
      "mode": "managed",
      "type": "google_cloud_run_service_iam_member",
      "name": "noauth",
      "provider": "provider[\"registry.terraform.io/hashicorp/google\"]",
      "instances": [
        {
          "schema_version": 0,
          "attributes": {
            "condition": [],
            "etag": "BwYohs2zjDM=",
            "id": "v1/projects/psoyey/locations/asia-southeast2/services/library/roles/run.invoker/allUsers",
            "location": "asia-southeast2",
            "member": "allUsers",
            "project": "psoyey",
            "role": "roles/run.invoker",
            "service": "v1/projects/psoyey/locations/asia-southeast2/services/library"
          },
          "sensitive_attributes": [],
          "private": "bnVsbA==",
          "dependencies": [
            "google_cloud_run_service.service",
            "google_project_service.run"
          ]
        }
      ]
    },
    {
      "mode": "managed",
      "type": "google_project_service",
      "name": "run",
      "provider": "provider[\"registry.terraform.io/hashicorp/google\"]",
      "instances": [
        {
          "schema_version": 0,
          "attributes": {
            "disable_dependent_services": null,
            "disable_on_destroy": true,
            "id": "psoyey/run.googleapis.com",
            "project": "psoyey",
            "service": "run.googleapis.com",
            "timeouts": null
          },
          "sensitive_attributes": [],
          "private": "eyJlMmJmYjczMC1lY2FhLTExZTYtOGY4OC0zNDM2M2JjN2M0YzAiOnsiY3JlYXRlIjoxMjAwMDAwMDAwMDAwLCJkZWxldGUiOjEyMDAwMDAwMDAwMDAsInJlYWQiOjYwMDAwMDAwMDAwMCwidXBkYXRlIjoxMjAwMDAwMDAwMDAwfX0="
        }
      ]
    },
    {
      "mode": "managed",
      "type": "google_project_service",
      "name": "sqladmin",
      "provider": "provider[\"registry.terraform.io/hashicorp/google\"]",
      "instances": [
        {
          "schema_version": 0,
          "attributes": {
            "disable_dependent_services": null,
            "disable_on_destroy": true,
            "id": "psoyey/sqladmin.googleapis.com",
            "project": "psoyey",
            "service": "sqladmin.googleapis.com",
            "timeouts": null
          },
          "sensitive_attributes": [],
          "private": "eyJlMmJmYjczMC1lY2FhLTExZTYtOGY4OC0zNDM2M2JjN2M0YzAiOnsiY3JlYXRlIjoxMjAwMDAwMDAwMDAwLCJkZWxldGUiOjEyMDAwMDAwMDAwMDAsInJlYWQiOjYwMDAwMDAwMDAwMCwidXBkYXRlIjoxMjAwMDAwMDAwMDAwfX0="
        }
      ]
    },
    {
      "mode": "managed",
      "type": "google_sql_database",
      "name": "db",
      "provider": "provider[\"registry.terraform.io/hashicorp/google\"]",
      "instances": [
        {
          "schema_version": 0,
          "attributes": {
            "charset": "utf8",
            "collation": "utf8_general_ci",
            "deletion_policy": "DELETE",
            "id": "projects/psoyey/instances/library-db/databases/crud-library",
            "instance": "library-db",
            "name": "crud-library",
            "project": "psoyey",
            "self_link": "https://sqladmin.googleapis.com/sql/v1beta4/projects/psoyey/instances/library-db/databases/crud-library",
            "timeouts": null
          },
          "sensitive_attributes": [],
          "private": "eyJlMmJmYjczMC1lY2FhLTExZTYtOGY4OC0zNDM2M2JjN2M0YzAiOnsiY3JlYXRlIjoxMjAwMDAwMDAwMDAwLCJkZWxldGUiOjEyMDAwMDAwMDAwMDAsInVwZGF0ZSI6MTIwMDAwMDAwMDAwMH19",
          "dependencies": [
            "google_project_service.sqladmin",
            "google_sql_database_instance.db_instance"
          ]
        }
      ]
    },
    {
      "mode": "managed",
      "type": "google_sql_database_instance",
      "name": "db_instance",
      "provider": "provider[\"registry.terraform.io/hashicorp/google\"]",
      "instances": [
        {
          "schema_version": 0,
          "attributes": {
            "available_maintenance_versions": [],
            "clone": [],
            "connection_name": "psoyey:asia-southeast2:library-db",
            "database_version": "MYSQL_5_7",
            "deletion_protection": true,
            "dns_name": "",
            "encryption_key_name": null,
            "first_ip_address": "34.101.244.146",
            "id": "library-db",
            "instance_type": "CLOUD_SQL_INSTANCE",
            "ip_address": [
              {
                "ip_address": "34.101.244.146",
                "time_to_retire": "",
                "type": "PRIMARY"
              }
            ],
            "maintenance_version": "MYSQL_5_7_44.R20241020.02_00",
            "master_instance_name": "",
            "name": "library-db",
            "private_ip_address": "",
            "project": "psoyey",
            "psc_service_attachment_link": "",
            "public_ip_address": "34.101.244.146",
            "region": "asia-southeast2",
            "replica_configuration": [],
            "restore_backup_context": [],
            "root_password": null,
            "self_link": "https://sqladmin.googleapis.com/sql/v1beta4/projects/psoyey/instances/library-db",
            "server_ca_cert": [
              {
                "cert": "-----BEGIN CERTIFICATE-----\nMIIDfzCCAmegAwIBAgIBADANBgkqhkiG9w0BAQsFADB3MS0wKwYDVQQuEyQ1OWUz\nMDJhZS1mMGRmLTQwZTItYTg5Yy02ODdiZDFkOTRlY2QxIzAhBgNVBAMTGkdvb2ds\nZSBDbG91ZCBTUUwgU2VydmVyIENBMRQwEgYDVQQKEwtHb29nbGUsIEluYzELMAkG\nA1UEBhMCVVMwHhcNMjQxMjA1MTQyMjA0WhcNMzQxMjAzMTQyMzA0WjB3MS0wKwYD\nVQQuEyQ1OWUzMDJhZS1mMGRmLTQwZTItYTg5Yy02ODdiZDFkOTRlY2QxIzAhBgNV\nBAMTGkdvb2dsZSBDbG91ZCBTUUwgU2VydmVyIENBMRQwEgYDVQQKEwtHb29nbGUs\nIEluYzELMAkGA1UEBhMCVVMwggEiMA0GCSqGSIb3DQEBAQUAA4IBDwAwggEKAoIB\nAQC9nnD/96jk+0Bn8Y36iiVekZ++0aJE49Pdf7E7DH4zj4UsaEe8uYsUT/E6MwYh\nXKn4YBCN/iSgLIRBAFIbWrXWL3aXHs+dYtNUhH+bGWDsrPGfl/NbGvfaEanMZwy3\nweN+OD2XGGu05O0f0nlwJBfF/XZDRdCJAVlhjzy0RIgZsiF+kKenokgjgK2shDBG\nWHg7Sr9xN7qjqSKR76iA8he/biwfWlJizSWbMqv731H6avrtgQhX89o5+uvR6/qL\nLQXmhHMOSRZD72TsdK2zryPoeJXu/z5bgruDAcZyS2GmyR/q9TmjppUYXF0lxow+\n+OgPyD1JQduMJdGRQ7y3IiaVAgMBAAGjFjAUMBIGA1UdEwEB/wQIMAYBAf8CAQAw\nDQYJKoZIhvcNAQELBQADggEBAKFQXccXFHAISrzxmmjFV+pRVg/j25yDG+uMMkm5\nvH0wZaceBJw1Ajy52ANnz2wt8OKqSspKcQcvlQ2GNlAtcLkfDGcRPK3A0CGBIYof\naCcc1Qy/CiI+JQsMde0DDjtpDsjxggjVz+D3weeCCA6F4R+SKOs/QyrAKyLa97s5\nuZ2Df8SJ6b5ZYEVkl2InZKhSkKQ38l8unwfcloxHIdw1jq8K0pZ+MCD8XFfyGgjp\nziURomxgoungAe4hnJ1sbdx19xAqjKiKkydhyzP7NLIltC0L+xz/FucfS2x+WWMk\nx1P/CqxblY5QPBxzdZgyne3uMxafMs4eEsqR5KX4Y9+DCKU=\n-----END CERTIFICATE-----",
                "common_name": "C=US,O=Google\\, Inc,CN=Google Cloud SQL Server CA,dnQualifier=59e302ae-f0df-40e2-a89c-687bd1d94ecd",
                "create_time": "2024-12-05T14:22:04.935Z",
                "expiration_time": "2034-12-03T14:23:04.935Z",
                "sha1_fingerprint": "ac69ecdc94d2a0de0ef892aa1fe17e6b90dec94f"
              }
            ],
            "service_account_email_address": "p22416837039-87hjg5@gcp-sa-cloud-sql.iam.gserviceaccount.com",
            "settings": [
              {
                "activation_policy": "ALWAYS",
                "active_directory_config": [],
                "advanced_machine_features": [],
                "availability_type": "ZONAL",
                "backup_configuration": [
                  {
                    "backup_retention_settings": [
                      {
                        "retained_backups": 7,
                        "retention_unit": "COUNT"
                      }
                    ],
                    "binary_log_enabled": false,
                    "enabled": false,
                    "location": "",
                    "point_in_time_recovery_enabled": false,
                    "start_time": "06:00",
                    "transaction_log_retention_days": 7
                  }
                ],
                "collation": "",
                "connector_enforcement": "NOT_REQUIRED",
                "data_cache_config": [],
                "database_flags": [],
                "deletion_protection_enabled": false,
                "deny_maintenance_period": [],
                "disk_autoresize": true,
                "disk_autoresize_limit": 0,
                "disk_size": 10,
                "disk_type": "PD_SSD",
                "edition": "",
                "insights_config": [],
                "ip_configuration": [
                  {
                    "allocated_ip_range": "",
                    "authorized_networks": [],
                    "enable_private_path_for_google_cloud_services": false,
                    "ipv4_enabled": true,
                    "private_network": "",
                    "psc_config": [],
                    "require_ssl": false
                  }
                ],
                "location_preference": [
                  {
                    "follow_gae_application": "",
                    "secondary_zone": "",
                    "zone": "asia-southeast2-b"
                  }
                ],
                "maintenance_window": [],
                "password_validation_policy": [],
                "pricing_plan": "PER_USE",
                "sql_server_audit_config": [],
                "tier": "db-f1-micro",
                "time_zone": "",
                "user_labels": {},
                "version": 1
              }
            ],
            "timeouts": null
          },
          "sensitive_attributes": [
            [
              {
                "type": "get_attr",
                "value": "root_password"
              }
            ]
          ],
          "private": "eyJlMmJmYjczMC1lY2FhLTExZTYtOGY4OC0zNDM2M2JjN2M0YzAiOnsiY3JlYXRlIjoyNDAwMDAwMDAwMDAwLCJkZWxldGUiOjE4MDAwMDAwMDAwMDAsInVwZGF0ZSI6MTgwMDAwMDAwMDAwMH19",
          "dependencies": [
            "google_project_service.sqladmin"
          ]
        }
      ]
    },
    {
      "mode": "managed",
      "type": "google_sql_user",
      "name": "users",
      "provider": "provider[\"registry.terraform.io/hashicorp/google\"]",
      "instances": [
        {
          "schema_version": 1,
          "attributes": {
            "deletion_policy": null,
            "host": "",
            "id": "groot//library-db",
            "instance": "library-db",
            "name": "groot",
            "password": "supersecretpassword",
            "password_policy": [],
            "project": "psoyey",
            "sql_server_user_details": [],
            "timeouts": null,
            "type": ""
          },
          "sensitive_attributes": [
            [
              {
                "type": "get_attr",
                "value": "password"
              }
            ]
          ],
          "private": "eyJlMmJmYjczMC1lY2FhLTExZTYtOGY4OC0zNDM2M2JjN2M0YzAiOnsiY3JlYXRlIjo2MDAwMDAwMDAwMDAsImRlbGV0ZSI6NjAwMDAwMDAwMDAwLCJ1cGRhdGUiOjYwMDAwMDAwMDAwMH0sInNjaGVtYV92ZXJzaW9uIjoiMSJ9",
          "dependencies": [
            "google_project_service.sqladmin",
            "google_sql_database_instance.db_instance"
          ]
        }
      ]
    }
  ],
  "check_results": null
}
