{
  "version": 4,
  "terraform_version": "1.10.1",
  "serial": 32,
  "lineage": "fa0c8268-6260-cd1c-c5d6-7fe45e79a2db",
  "outputs": {
    "cloudrun_service_url": {
      "value": "https://library-indri-6xdzczqbrq-as.a.run.app",
      "type": "string"
    },
    "db_instance_connection_name": {
      "value": "psoyey:asia-southeast1:library-db-indri",
      "type": "string"
    }
  },
  "resources": [
    {
      "mode": "managed",
      "type": "google_cloud_run_service",
      "name": "service",
      "provider": "provider[\"registry.terraform.io/hashicorp/google\"]",
      "instances": [
        {
          "schema_version": 1,
          "attributes": {
            "autogenerate_revision_name": false,
            "id": "locations/asia-southeast1/namespaces/psoyey/services/library-indri",
            "location": "asia-southeast1",
            "metadata": [
              {
                "annotations": {
                  "run.googleapis.com/ingress": "all",
                  "run.googleapis.com/ingress-status": "all",
                  "run.googleapis.com/operation-id": "8b4d2091-00fc-4c88-b882-f6a8511ba8ea",
                  "run.googleapis.com/urls": "[\"https://library-indri-22416837039.asia-southeast1.run.app\",\"https://library-indri-6xdzczqbrq-as.a.run.app\"]",
                  "serving.knative.dev/creator": "indriyanialif895@gmail.com",
                  "serving.knative.dev/lastModifier": "indriyanialif895@gmail.com"
                },
                "generation": 1,
                "labels": {
                  "cloud.googleapis.com/location": "asia-southeast1",
                  "run.googleapis.com/satisfiesPzs": "true"
                },
                "namespace": "psoyey",
                "resource_version": "AAYodVJ/ke0",
                "self_link": "/apis/serving.knative.dev/v1/namespaces/22416837039/services/library-indri",
                "uid": "b894ceab-ac70-4fb3-94e2-9255afa56679"
              }
            ],
            "name": "library-indri",
            "project": "psoyey",
            "status": [
              {
                "conditions": [
                  {
                    "message": "",
                    "reason": "",
                    "status": "True",
                    "type": "Ready"
                  },
                  {
                    "message": "",
                    "reason": "",
                    "status": "True",
                    "type": "ConfigurationsReady"
                  },
                  {
                    "message": "",
                    "reason": "",
                    "status": "True",
                    "type": "RoutesReady"
                  }
                ],
                "latest_created_revision_name": "library-indri-00001-spz",
                "latest_ready_revision_name": "library-indri-00001-spz",
                "observed_generation": 1,
                "traffic": [
                  {
                    "latest_revision": true,
                    "percent": 100,
                    "revision_name": "library-indri-00001-spz",
                    "tag": "",
                    "url": ""
                  }
                ],
                "url": "https://library-indri-6xdzczqbrq-as.a.run.app"
              }
            ],
            "template": [
              {
                "metadata": [
                  {
                    "annotations": {
                      "autoscaling.knative.dev/maxScale": "3"
                    },
                    "generation": 0,
                    "labels": {
                      "run.googleapis.com/startupProbeType": "Default"
                    },
                    "name": "",
                    "namespace": "",
                    "resource_version": "",
                    "self_link": "",
                    "uid": ""
                  }
                ],
                "spec": [
                  {
                    "container_concurrency": 80,
                    "containers": [
                      {
                        "args": [],
                        "command": [],
                        "env": [],
                        "env_from": [],
                        "image": "asia-southeast2-docker.pkg.dev/psoyey/library/library:library@sha256:471dbafe1f91f88fb9bb35a4be2a134469b1ce555c7c5ff53086f630b5951d80",
                        "liveness_probe": [],
                        "name": "",
                        "ports": [
                          {
                            "container_port": 80,
                            "name": "http1",
                            "protocol": ""
                          }
                        ],
                        "resources": [
                          {
                            "limits": {
                              "cpu": "1000m",
                              "memory": "512Mi"
                            },
                            "requests": {}
                          }
                        ],
                        "startup_probe": [
                          {
                            "failure_threshold": 1,
                            "grpc": [],
                            "http_get": [],
                            "initial_delay_seconds": 0,
                            "period_seconds": 240,
                            "tcp_socket": [
                              {
                                "port": 80
                              }
                            ],
                            "timeout_seconds": 240
                          }
                        ],
                        "volume_mounts": [],
                        "working_dir": ""
                      }
                    ],
                    "service_account_name": "22416837039-compute@developer.gserviceaccount.com",
                    "serving_state": "",
                    "timeout_seconds": 300,
                    "volumes": []
                  }
                ]
              }
            ],
            "timeouts": null,
            "traffic": [
              {
                "latest_revision": true,
                "percent": 100,
                "revision_name": "",
                "tag": "",
                "url": ""
              }
            ]
          },
          "sensitive_attributes": [],
          "private": "eyJlMmJmYjczMC1lY2FhLTExZTYtOGY4OC0zNDM2M2JjN2M0YzAiOnsiY3JlYXRlIjoxMjAwMDAwMDAwMDAwLCJkZWxldGUiOjEyMDAwMDAwMDAwMDAsInVwZGF0ZSI6MTIwMDAwMDAwMDAwMH0sInNjaGVtYV92ZXJzaW9uIjoiMSJ9",
          "dependencies": [
            "google_project_service.run"
          ]
        }
      ]
    },
    {
      "mode": "managed",
      "type": "google_cloud_run_service_iam_member",
      "name": "noauth",
      "provider": "provider[\"registry.terraform.io/hashicorp/google\"]",
      "instances": [
        {
          "schema_version": 0,
          "attributes": {
            "condition": [],
            "etag": "BwYodVLvwdo=",
            "id": "v1/projects/psoyey/locations/asia-southeast1/services/library-indri/roles/run.invoker/allUsers",
            "location": "asia-southeast1",
            "member": "allUsers",
            "project": "psoyey",
            "role": "roles/run.invoker",
            "service": "v1/projects/psoyey/locations/asia-southeast1/services/library-indri"
          },
          "sensitive_attributes": [],
          "private": "bnVsbA==",
          "dependencies": [
            "google_cloud_run_service.service",
            "google_project_service.run"
          ]
        }
      ]
    },
    {
      "mode": "managed",
      "type": "google_project_service",
      "name": "run",
      "provider": "provider[\"registry.terraform.io/hashicorp/google\"]",
      "instances": [
        {
          "schema_version": 0,
          "attributes": {
            "disable_dependent_services": null,
            "disable_on_destroy": true,
            "id": "psoyey/run.googleapis.com",
            "project": "psoyey",
            "service": "run.googleapis.com",
            "timeouts": null
          },
          "sensitive_attributes": [],
          "private": "eyJlMmJmYjczMC1lY2FhLTExZTYtOGY4OC0zNDM2M2JjN2M0YzAiOnsiY3JlYXRlIjoxMjAwMDAwMDAwMDAwLCJkZWxldGUiOjEyMDAwMDAwMDAwMDAsInJlYWQiOjYwMDAwMDAwMDAwMCwidXBkYXRlIjoxMjAwMDAwMDAwMDAwfX0="
        }
      ]
    },
    {
      "mode": "managed",
      "type": "google_project_service",
      "name": "sqladmin",
      "provider": "provider[\"registry.terraform.io/hashicorp/google\"]",
      "instances": [
        {
          "schema_version": 0,
          "attributes": {
            "disable_dependent_services": null,
            "disable_on_destroy": true,
            "id": "psoyey/sqladmin.googleapis.com",
            "project": "psoyey",
            "service": "sqladmin.googleapis.com",
            "timeouts": null
          },
          "sensitive_attributes": [],
          "private": "eyJlMmJmYjczMC1lY2FhLTExZTYtOGY4OC0zNDM2M2JjN2M0YzAiOnsiY3JlYXRlIjoxMjAwMDAwMDAwMDAwLCJkZWxldGUiOjEyMDAwMDAwMDAwMDAsInJlYWQiOjYwMDAwMDAwMDAwMCwidXBkYXRlIjoxMjAwMDAwMDAwMDAwfX0="
        }
      ]
    },
    {
      "mode": "managed",
      "type": "google_secret_manager_secret",
      "name": "env_secret",
      "provider": "provider[\"registry.terraform.io/hashicorp/google\"]",
      "instances": [
        {
          "schema_version": 0,
          "attributes": {
            "annotations": null,
            "create_time": "2024-12-04T18:29:28.750476Z",
            "expire_time": "",
            "id": "projects/psoyey/secrets/env-secret",
            "labels": null,
            "name": "projects/22416837039/secrets/env-secret",
            "project": "psoyey",
            "replication": [
              {
                "auto": [],
                "automatic": true,
                "user_managed": []
              }
            ],
            "rotation": [],
            "secret_id": "env-secret",
            "timeouts": null,
            "topics": [],
            "ttl": null,
            "version_aliases": null
          },
          "sensitive_attributes": [],
          "private": "eyJlMmJmYjczMC1lY2FhLTExZTYtOGY4OC0zNDM2M2JjN2M0YzAiOnsiY3JlYXRlIjoxMjAwMDAwMDAwMDAwLCJkZWxldGUiOjEyMDAwMDAwMDAwMDAsInVwZGF0ZSI6MTIwMDAwMDAwMDAwMH19"
        }
      ]
    },
    {
      "mode": "managed",
      "type": "google_secret_manager_secret_version",
      "name": "env_secret_version",
      "provider": "provider[\"registry.terraform.io/hashicorp/google\"]",
      "instances": [
        {
          "schema_version": 0,
          "attributes": {
            "create_time": "2024-12-04T18:29:32.338347Z",
            "deletion_policy": "DELETE",
            "destroy_time": "",
            "enabled": true,
            "id": "projects/22416837039/secrets/env-secret/versions/1",
            "is_secret_data_base64": false,
            "name": "projects/22416837039/secrets/env-secret/versions/1",
            "secret": "projects/psoyey/secrets/env-secret",
            "secret_data": "QVBQX05BTUU9TGFyYXZlbApBUFBfRU5WPWxvY2FsCkFQUF9LRVk9YmFzZTY0Ok1pdVFOVlBOSTdVeEYzdVEvc2IxeHJjOUJJamlhVVFsOURjckU3TEFvK0E9CkFQUF9ERUJVRz10cnVlCkFQUF9VUkw9aHR0cDovL2xvY2FsaG9zdAoKTE9HX0NIQU5ORUw9c3RhY2sKTE9HX0RFUFJFQ0FUSU9OU19DSEFOTkVMPW51bGwKTE9HX0xFVkVMPWRlYnVnCgpEQl9DT05ORUNUSU9OPW15c3FsCkRCX0hPU1Q9MzQuMTI0LjE3Ni4yMjkKREJfUE9SVD0zMzA2CkRCX0RBVEFCQVNFPWNydWQtbGlicmFyeQpEQl9VU0VSTkFNRT1ncm9vdApEQl9QQVNTV09SRD1zdXBlcnNlY3JldHBhc3N3b3JkCgpCUk9BRENBU1RfRFJJVkVSPWxvZwpDQUNIRV9EUklWRVI9ZmlsZQpGSUxFU1lTVEVNX0RJU0s9bG9jYWwKUVVFVUVfQ09OTkVDVElPTj1zeW5jClNFU1NJT05fRFJJVkVSPWZpbGUKU0VTU0lPTl9MSUZFVElNRT0xMjAKCk1FTUNBQ0hFRF9IT1NUPTEyNy4wLjAuMQoKUkVESVNfSE9TVD0xMjcuMC4wLjEKUkVESVNfUEFTU1dPUkQ9bnVsbApSRURJU19QT1JUPTYzNzkKCk1BSUxfTUFJTEVSPXNtdHAKTUFJTF9IT1NUPW1haWxwaXQKTUFJTF9QT1JUPTEwMjUKTUFJTF9VU0VSTkFNRT1udWxsCk1BSUxfUEFTU1dPUkQ9bnVsbApNQUlMX0VOQ1JZUFRJT049bnVsbApNQUlMX0ZST01fQUREUkVTUz0iaGVsbG9AZXhhbXBsZS5jb20iCk1BSUxfRlJPTV9OQU1FPSIke0FQUF9OQU1FfSIKCkFXU19BQ0NFU1NfS0VZX0lEPQpBV1NfU0VDUkVUX0FDQ0VTU19LRVk9CkFXU19ERUZBVUxUX1JFR0lPTj11cy1lYXN0LTEKQVdTX0JVQ0tFVD0KQVdTX1VTRV9QQVRIX1NUWUxFX0VORFBPSU5UPWZhbHNlCgpQVVNIRVJfQVBQX0lEPQpQVVNIRVJfQVBQX0tFWT0KUFVTSEVSX0FQUF9TRUNSRVQ9ClBVU0hFUl9IT1NUPQpQVVNIRVJfUE9SVD00NDMKUFVTSEVSX1NDSEVNRT1odHRwcwpQVVNIRVJfQVBQX0NMVVNURVI9bXQxCgpWSVRFX0FQUF9OQU1FPSIke0FQUF9OQU1FfSIKVklURV9QVVNIRVJfQVBQX0tFWT0iJHtQVVNIRVJfQVBQX0tFWX0iClZJVEVfUFVTSEVSX0hPU1Q9IiR7UFVTSEVSX0hPU1R9IgpWSVRFX1BVU0hFUl9QT1JUPSIke1BVU0hFUl9QT1JUfSIKVklURV9QVVNIRVJfU0NIRU1FPSIke1BVU0hFUl9TQ0hFTUV9IgpWSVRFX1BVU0hFUl9BUFBfQ0xVU1RFUj0iJHtQVVNIRVJfQVBQX0NMVVNURVJ9Igo=",
            "timeouts": null,
            "version": "1"
          },
          "sensitive_attributes": [
            [
              {
                "type": "get_attr",
                "value": "secret_data"
              }
            ]
          ],
          "private": "eyJlMmJmYjczMC1lY2FhLTExZTYtOGY4OC0zNDM2M2JjN2M0YzAiOnsiY3JlYXRlIjoxMjAwMDAwMDAwMDAwLCJkZWxldGUiOjEyMDAwMDAwMDAwMDB9fQ==",
          "dependencies": [
            "google_secret_manager_secret.env_secret"
          ]
        }
      ]
    },
    {
      "mode": "managed",
      "type": "google_sql_database",
      "name": "db",
      "provider": "provider[\"registry.terraform.io/hashicorp/google\"]",
      "instances": [
        {
          "schema_version": 0,
          "attributes": {
            "charset": "utf8",
            "collation": "utf8_general_ci",
            "deletion_policy": "DELETE",
            "id": "projects/psoyey/instances/library-db-indri/databases/crud-library",
            "instance": "library-db-indri",
            "name": "crud-library",
            "project": "psoyey",
            "self_link": "https://sqladmin.googleapis.com/sql/v1beta4/projects/psoyey/instances/library-db-indri/databases/crud-library",
            "timeouts": null
          },
          "sensitive_attributes": [],
          "private": "eyJlMmJmYjczMC1lY2FhLTExZTYtOGY4OC0zNDM2M2JjN2M0YzAiOnsiY3JlYXRlIjoxMjAwMDAwMDAwMDAwLCJkZWxldGUiOjEyMDAwMDAwMDAwMDAsInVwZGF0ZSI6MTIwMDAwMDAwMDAwMH19",
          "dependencies": [
            "google_project_service.sqladmin",
            "google_sql_database_instance.db_instance"
          ]
        }
      ]
    },
    {
      "mode": "managed",
      "type": "google_sql_database_instance",
      "name": "db_instance",
      "provider": "provider[\"registry.terraform.io/hashicorp/google\"]",
      "instances": [
        {
          "schema_version": 0,
          "attributes": {
            "available_maintenance_versions": [],
            "clone": [],
            "connection_name": "psoyey:asia-southeast1:library-db-indri",
            "database_version": "MYSQL_5_7",
            "deletion_protection": true,
            "dns_name": "",
            "encryption_key_name": null,
            "first_ip_address": "34.124.176.229",
            "id": "library-db-indri",
            "instance_type": "CLOUD_SQL_INSTANCE",
            "ip_address": [
              {
                "ip_address": "34.124.176.229",
                "time_to_retire": "",
                "type": "PRIMARY"
              }
            ],
            "maintenance_version": "MYSQL_5_7_44.R20241020.02_00",
            "master_instance_name": "",
            "name": "library-db-indri",
            "private_ip_address": "",
            "project": "psoyey",
            "psc_service_attachment_link": "",
            "public_ip_address": "34.124.176.229",
            "region": "asia-southeast1",
            "replica_configuration": [],
            "restore_backup_context": [],
            "root_password": null,
            "self_link": "https://sqladmin.googleapis.com/sql/v1beta4/projects/psoyey/instances/library-db-indri",
            "server_ca_cert": [
              {
                "cert": "-----BEGIN CERTIFICATE-----\nMIIDfzCCAmegAwIBAgIBADANBgkqhkiG9w0BAQsFADB3MS0wKwYDVQQuEyRmYzUz\nOGM3ZC03Y2M1LTQ4ODAtYTcxZi1iMzIxNDMxNjIyNTYxIzAhBgNVBAMTGkdvb2ds\nZSBDbG91ZCBTUUwgU2VydmVyIENBMRQwEgYDVQQKEwtHb29nbGUsIEluYzELMAkG\nA1UEBhMCVVMwHhcNMjQxMjA0MTcyNTU5WhcNMzQxMjAyMTcyNjU5WjB3MS0wKwYD\nVQQuEyRmYzUzOGM3ZC03Y2M1LTQ4ODAtYTcxZi1iMzIxNDMxNjIyNTYxIzAhBgNV\nBAMTGkdvb2dsZSBDbG91ZCBTUUwgU2VydmVyIENBMRQwEgYDVQQKEwtHb29nbGUs\nIEluYzELMAkGA1UEBhMCVVMwggEiMA0GCSqGSIb3DQEBAQUAA4IBDwAwggEKAoIB\nAQCnp7p2N2gLotTe3daJNHnnuO772XqQNn0JIt5JMuAY4dHDZTK4Vp9AyEP1qElG\nO7fQZj6v2ilyn5PTZxkgI+DNdnWjyDsAbQoqTIzwvZQekTWeMBOTWAstVuXsWWV8\ncOYfayFwkO1D/1IO2gxdh/qyv6N1Ua8fxvu4X12WxsYY1/XVU7n+W91kMVctg1Q0\nTcMHTITB5DaabWvy+skHeBnszcpQ7MqC7CY721eC8EYyjJOKnv42Nxy1cWgC6Tls\n7GQqVTGvSFQrqTGJJQszheXPOYGis4+6H/x+ohHSYnJ25533mNmY8gOFW345Ivu2\nwnvbwVplRUHjMGfFwR/dXrrpAgMBAAGjFjAUMBIGA1UdEwEB/wQIMAYBAf8CAQAw\nDQYJKoZIhvcNAQELBQADggEBACKZODnLuZQ/1N49suIZsEomAg1fesHyxEge7UPH\nNjduNXzoWphJ54cG/m0BBIOTrKEeeqidieHPVYGAwn5JEMLPCL4AE+BVIXsViX23\n+izEkW6enxKZZxwcLIvNgJcobOBBnpbl7IHH7LWZq2X0Lg5SL+F9Q7LoUygIS5MU\n1hcrhi81kTeFTgjITAUc+pbgRNQcnx3k7ap9MMQYAgeQunVYhZr8xXZajigf1uVa\nZ/yfrMZmr3oW3pz/iNBxEudXL2AVNGn14rLpHC4l2YESiP2DanlVY/NgrukOihiy\nhJuOEQFEiMC1J1zx0zvuH2LctJOB1PB2LCzhcyITK/RtmzY=\n-----END CERTIFICATE-----",
                "common_name": "C=US,O=Google\\, Inc,CN=Google Cloud SQL Server CA,dnQualifier=fc538c7d-7cc5-4880-a71f-b32143162256",
                "create_time": "2024-12-04T17:25:59.060Z",
                "expiration_time": "2034-12-02T17:26:59.060Z",
                "sha1_fingerprint": "8998926256dd9d6445f23f1394d118d5db699f2e"
              }
            ],
            "service_account_email_address": "p22416837039-li6tv3@gcp-sa-cloud-sql.iam.gserviceaccount.com",
            "settings": [
              {
                "activation_policy": "ALWAYS",
                "active_directory_config": [],
                "advanced_machine_features": [],
                "availability_type": "ZONAL",
                "backup_configuration": [
                  {
                    "backup_retention_settings": [
                      {
                        "retained_backups": 7,
                        "retention_unit": "COUNT"
                      }
                    ],
                    "binary_log_enabled": false,
                    "enabled": false,
                    "location": "",
                    "point_in_time_recovery_enabled": false,
                    "start_time": "05:00",
                    "transaction_log_retention_days": 7
                  }
                ],
                "collation": "",
                "connector_enforcement": "NOT_REQUIRED",
                "data_cache_config": [],
                "database_flags": [],
                "deletion_protection_enabled": false,
                "deny_maintenance_period": [],
                "disk_autoresize": true,
                "disk_autoresize_limit": 0,
                "disk_size": 10,
                "disk_type": "PD_SSD",
                "edition": "",
                "insights_config": [],
                "ip_configuration": [
                  {
                    "allocated_ip_range": "",
                    "authorized_networks": [
                      {
                        "expiration_time": "",
                        "name": "all",
                        "value": "0.0.0.0/0"
                      }
                    ],
                    "enable_private_path_for_google_cloud_services": false,
                    "ipv4_enabled": true,
                    "private_network": "",
                    "psc_config": [],
                    "require_ssl": false
                  }
                ],
                "location_preference": [
                  {
                    "follow_gae_application": "",
                    "secondary_zone": "",
                    "zone": "asia-southeast1-b"
                  }
                ],
                "maintenance_window": [],
                "password_validation_policy": [],
                "pricing_plan": "PER_USE",
                "sql_server_audit_config": [],
                "tier": "db-f1-micro",
                "time_zone": "",
                "user_labels": {},
                "version": 4
              }
            ],
            "timeouts": null
          },
          "sensitive_attributes": [
            [
              {
                "type": "get_attr",
                "value": "root_password"
              }
            ]
          ],
          "private": "eyJlMmJmYjczMC1lY2FhLTExZTYtOGY4OC0zNDM2M2JjN2M0YzAiOnsiY3JlYXRlIjoyNDAwMDAwMDAwMDAwLCJkZWxldGUiOjE4MDAwMDAwMDAwMDAsInVwZGF0ZSI6MTgwMDAwMDAwMDAwMH19",
          "dependencies": [
            "google_project_service.sqladmin"
          ]
        }
      ]
    },
    {
      "mode": "managed",
      "type": "google_sql_user",
      "name": "users",
      "provider": "provider[\"registry.terraform.io/hashicorp/google\"]",
      "instances": [
        {
          "schema_version": 1,
          "attributes": {
            "deletion_policy": null,
            "host": "",
            "id": "groot//library-db-indri",
            "instance": "library-db-indri",
            "name": "groot",
            "password": "supersecretpassword",
            "password_policy": [],
            "project": "psoyey",
            "sql_server_user_details": [],
            "timeouts": null,
            "type": ""
          },
          "sensitive_attributes": [
            [
              {
                "type": "get_attr",
                "value": "password"
              }
            ]
          ],
          "private": "eyJlMmJmYjczMC1lY2FhLTExZTYtOGY4OC0zNDM2M2JjN2M0YzAiOnsiY3JlYXRlIjo2MDAwMDAwMDAwMDAsImRlbGV0ZSI6NjAwMDAwMDAwMDAwLCJ1cGRhdGUiOjYwMDAwMDAwMDAwMH0sInNjaGVtYV92ZXJzaW9uIjoiMSJ9",
          "dependencies": [
            "google_project_service.sqladmin",
            "google_sql_database_instance.db_instance"
          ]
        }
      ]
    }
  ],
  "check_results": null
}
